// !$*UTF8*$!
{
	archiveVersion = 1;
	classes = {
	};
	objectVersion = 56;
	objects = {

/* Begin PBXBuildFile section */
		D820C33F2B072154009433C0 /* 가장먼노드.swift in Sources */ = {isa = PBXBuildFile; fileRef = D820C33E2B072154009433C0 /* 가장먼노드.swift */; };
		D820C3422B074C8D009433C0 /* 숫자게임.swift in Sources */ = {isa = PBXBuildFile; fileRef = D820C3412B074C8D009433C0 /* 숫자게임.swift */; };
		D8BDC4212B045F8800D8F69C /* CodingTestApp.swift in Sources */ = {isa = PBXBuildFile; fileRef = D8BDC4202B045F8800D8F69C /* CodingTestApp.swift */; };
		D8BDC4232B045F8800D8F69C /* ContentView.swift in Sources */ = {isa = PBXBuildFile; fileRef = D8BDC4222B045F8800D8F69C /* ContentView.swift */; };
		D8BDC4252B045F8900D8F69C /* Assets.xcassets in Resources */ = {isa = PBXBuildFile; fileRef = D8BDC4242B045F8900D8F69C /* Assets.xcassets */; };
		D8BDC4282B045F8900D8F69C /* Preview Assets.xcassets in Resources */ = {isa = PBXBuildFile; fileRef = D8BDC4272B045F8900D8F69C /* Preview Assets.xcassets */; };
		D8BDC4302B045FDA00D8F69C /* 최소직사각형.swift in Sources */ = {isa = PBXBuildFile; fileRef = D8BDC42F2B045FDA00D8F69C /* 최소직사각형.swift */; };
		D8BDC4322B04600C00D8F69C /* 모의고사.swift in Sources */ = {isa = PBXBuildFile; fileRef = D8BDC4312B04600C00D8F69C /* 모의고사.swift */; };
		D8BDC4342B04602B00D8F69C /* 소수찾기.swift in Sources */ = {isa = PBXBuildFile; fileRef = D8BDC4332B04602B00D8F69C /* 소수찾기.swift */; };
		D8BDC4362B04604900D8F69C /* 카펫.swift in Sources */ = {isa = PBXBuildFile; fileRef = D8BDC4352B04604900D8F69C /* 카펫.swift */; };
		D8BDC4382B04606800D8F69C /* 전력망을둘로나누기.swift in Sources */ = {isa = PBXBuildFile; fileRef = D8BDC4372B04606800D8F69C /* 전력망을둘로나누기.swift */; };
		D8BDC43B2B0460A400D8F69C /* 타겟넘버.swift in Sources */ = {isa = PBXBuildFile; fileRef = D8BDC43A2B0460A400D8F69C /* 타겟넘버.swift */; };
		D8BDC43D2B0460F200D8F69C /* 네트워크.swift in Sources */ = {isa = PBXBuildFile; fileRef = D8BDC43C2B0460F200D8F69C /* 네트워크.swift */; };
		D8BDC43F2B04612600D8F69C /* 단어변환.swift in Sources */ = {isa = PBXBuildFile; fileRef = D8BDC43E2B04612600D8F69C /* 단어변환.swift */; };
		D8BDC4422B04614200D8F69C /* 여행경로.swift in Sources */ = {isa = PBXBuildFile; fileRef = D8BDC4412B04614200D8F69C /* 여행경로.swift */; };
		D8BDC4452B04617400D8F69C /* 올바른괄호.swift in Sources */ = {isa = PBXBuildFile; fileRef = D8BDC4442B04617400D8F69C /* 올바른괄호.swift */; };
		D8BDC4472B04619600D8F69C /* 기능개발.swift in Sources */ = {isa = PBXBuildFile; fileRef = D8BDC4462B04619600D8F69C /* 기능개발.swift */; };
		D8BDC4492B0461A900D8F69C /* 프로세스.swift in Sources */ = {isa = PBXBuildFile; fileRef = D8BDC4482B0461A900D8F69C /* 프로세스.swift */; };
		D8BDC44B2B0461C700D8F69C /* 다리를지나는트럭.swift in Sources */ = {isa = PBXBuildFile; fileRef = D8BDC44A2B0461C700D8F69C /* 다리를지나는트럭.swift */; };
		D8BDC44E2B0461EE00D8F69C /* 의상.swift in Sources */ = {isa = PBXBuildFile; fileRef = D8BDC44D2B0461EE00D8F69C /* 의상.swift */; };
		D8BDC4502B04620600D8F69C /* 베스트앨범.swift in Sources */ = {isa = PBXBuildFile; fileRef = D8BDC44F2B04620600D8F69C /* 베스트앨범.swift */; };
		D8BDC4532B04625400D8F69C /* K번째수.swift in Sources */ = {isa = PBXBuildFile; fileRef = D8BDC4522B04625400D8F69C /* K번째수.swift */; };
		D8BDC4552B04625B00D8F69C /* 가장큰수.swift in Sources */ = {isa = PBXBuildFile; fileRef = D8BDC4542B04625B00D8F69C /* 가장큰수.swift */; };
		D8BDC4582B04B26400D8F69C /* 디스크컨트롤러.swift in Sources */ = {isa = PBXBuildFile; fileRef = D8BDC4572B04B26400D8F69C /* 디스크컨트롤러.swift */; };
		D8BDC45A2B04B60000D8F69C /* 이중우선순위큐.swift in Sources */ = {isa = PBXBuildFile; fileRef = D8BDC4592B04B60000D8F69C /* 이중우선순위큐.swift */; };
		D8BDC45C2B04BEF000D8F69C /* H-Index.swift in Sources */ = {isa = PBXBuildFile; fileRef = D8BDC45B2B04BEF000D8F69C /* H-Index.swift */; };
		D8BDC45E2B05E6E100D8F69C /* 피로도.swift in Sources */ = {isa = PBXBuildFile; fileRef = D8BDC45D2B05E6E100D8F69C /* 피로도.swift */; };
		D8BDC4602B05F80900D8F69C /* 모음사전.swift in Sources */ = {isa = PBXBuildFile; fileRef = D8BDC45F2B05F80900D8F69C /* 모음사전.swift */; };
/* End PBXBuildFile section */

/* Begin PBXFileReference section */
		D820C33E2B072154009433C0 /* 가장먼노드.swift */ = {isa = PBXFileReference; lastKnownFileType = sourcecode.swift; path = "가장먼노드.swift"; sourceTree = "<group>"; };
		D820C3412B074C8D009433C0 /* 숫자게임.swift */ = {isa = PBXFileReference; lastKnownFileType = sourcecode.swift; path = "숫자게임.swift"; sourceTree = "<group>"; };
		D8BDC41D2B045F8800D8F69C /* CodingTest.app */ = {isa = PBXFileReference; explicitFileType = wrapper.application; includeInIndex = 0; path = CodingTest.app; sourceTree = BUILT_PRODUCTS_DIR; };
		D8BDC4202B045F8800D8F69C /* CodingTestApp.swift */ = {isa = PBXFileReference; lastKnownFileType = sourcecode.swift; path = CodingTestApp.swift; sourceTree = "<group>"; };
		D8BDC4222B045F8800D8F69C /* ContentView.swift */ = {isa = PBXFileReference; lastKnownFileType = sourcecode.swift; path = ContentView.swift; sourceTree = "<group>"; };
		D8BDC4242B045F8900D8F69C /* Assets.xcassets */ = {isa = PBXFileReference; lastKnownFileType = folder.assetcatalog; path = Assets.xcassets; sourceTree = "<group>"; };
		D8BDC4272B045F8900D8F69C /* Preview Assets.xcassets */ = {isa = PBXFileReference; lastKnownFileType = folder.assetcatalog; path = "Preview Assets.xcassets"; sourceTree = "<group>"; };
		D8BDC42F2B045FDA00D8F69C /* 최소직사각형.swift */ = {isa = PBXFileReference; lastKnownFileType = sourcecode.swift; path = "최소직사각형.swift"; sourceTree = "<group>"; };
		D8BDC4312B04600C00D8F69C /* 모의고사.swift */ = {isa = PBXFileReference; lastKnownFileType = sourcecode.swift; path = "모의고사.swift"; sourceTree = "<group>"; };
		D8BDC4332B04602B00D8F69C /* 소수찾기.swift */ = {isa = PBXFileReference; lastKnownFileType = sourcecode.swift; path = "소수찾기.swift"; sourceTree = "<group>"; };
		D8BDC4352B04604900D8F69C /* 카펫.swift */ = {isa = PBXFileReference; lastKnownFileType = sourcecode.swift; path = "카펫.swift"; sourceTree = "<group>"; };
		D8BDC4372B04606800D8F69C /* 전력망을둘로나누기.swift */ = {isa = PBXFileReference; lastKnownFileType = sourcecode.swift; path = "전력망을둘로나누기.swift"; sourceTree = "<group>"; };
		D8BDC43A2B0460A400D8F69C /* 타겟넘버.swift */ = {isa = PBXFileReference; lastKnownFileType = sourcecode.swift; path = "타겟넘버.swift"; sourceTree = "<group>"; };
		D8BDC43C2B0460F200D8F69C /* 네트워크.swift */ = {isa = PBXFileReference; lastKnownFileType = sourcecode.swift; path = "네트워크.swift"; sourceTree = "<group>"; };
		D8BDC43E2B04612600D8F69C /* 단어변환.swift */ = {isa = PBXFileReference; lastKnownFileType = sourcecode.swift; path = "단어변환.swift"; sourceTree = "<group>"; };
		D8BDC4412B04614200D8F69C /* 여행경로.swift */ = {isa = PBXFileReference; lastKnownFileType = sourcecode.swift; path = "여행경로.swift"; sourceTree = "<group>"; };
		D8BDC4442B04617400D8F69C /* 올바른괄호.swift */ = {isa = PBXFileReference; lastKnownFileType = sourcecode.swift; path = "올바른괄호.swift"; sourceTree = "<group>"; };
		D8BDC4462B04619600D8F69C /* 기능개발.swift */ = {isa = PBXFileReference; lastKnownFileType = sourcecode.swift; path = "기능개발.swift"; sourceTree = "<group>"; };
		D8BDC4482B0461A900D8F69C /* 프로세스.swift */ = {isa = PBXFileReference; lastKnownFileType = sourcecode.swift; path = "프로세스.swift"; sourceTree = "<group>"; };
		D8BDC44A2B0461C700D8F69C /* 다리를지나는트럭.swift */ = {isa = PBXFileReference; lastKnownFileType = sourcecode.swift; path = "다리를지나는트럭.swift"; sourceTree = "<group>"; };
		D8BDC44D2B0461EE00D8F69C /* 의상.swift */ = {isa = PBXFileReference; lastKnownFileType = sourcecode.swift; path = "의상.swift"; sourceTree = "<group>"; };
		D8BDC44F2B04620600D8F69C /* 베스트앨범.swift */ = {isa = PBXFileReference; lastKnownFileType = sourcecode.swift; path = "베스트앨범.swift"; sourceTree = "<group>"; };
		D8BDC4522B04625400D8F69C /* K번째수.swift */ = {isa = PBXFileReference; lastKnownFileType = sourcecode.swift; path = "K번째수.swift"; sourceTree = "<group>"; };
		D8BDC4542B04625B00D8F69C /* 가장큰수.swift */ = {isa = PBXFileReference; lastKnownFileType = sourcecode.swift; path = "가장큰수.swift"; sourceTree = "<group>"; };
		D8BDC4572B04B26400D8F69C /* 디스크컨트롤러.swift */ = {isa = PBXFileReference; lastKnownFileType = sourcecode.swift; path = "디스크컨트롤러.swift"; sourceTree = "<group>"; };
		D8BDC4592B04B60000D8F69C /* 이중우선순위큐.swift */ = {isa = PBXFileReference; lastKnownFileType = sourcecode.swift; path = "이중우선순위큐.swift"; sourceTree = "<group>"; };
		D8BDC45B2B04BEF000D8F69C /* H-Index.swift */ = {isa = PBXFileReference; lastKnownFileType = sourcecode.swift; path = "H-Index.swift"; sourceTree = "<group>"; };
		D8BDC45D2B05E6E100D8F69C /* 피로도.swift */ = {isa = PBXFileReference; lastKnownFileType = sourcecode.swift; path = "피로도.swift"; sourceTree = "<group>"; };
		D8BDC45F2B05F80900D8F69C /* 모음사전.swift */ = {isa = PBXFileReference; lastKnownFileType = sourcecode.swift; path = "모음사전.swift"; sourceTree = "<group>"; };
/* End PBXFileReference section */

/* Begin PBXFrameworksBuildPhase section */
		D8BDC41A2B045F8800D8F69C /* Frameworks */ = {
			isa = PBXFrameworksBuildPhase;
			buildActionMask = 2147483647;
			files = (
			);
			runOnlyForDeploymentPostprocessing = 0;
		};
/* End PBXFrameworksBuildPhase section */

/* Begin PBXGroup section */
		D820C3402B074C76009433C0 /* 이분탐색 */ = {
			isa = PBXGroup;
			children = (
				D820C3412B074C8D009433C0 /* 숫자게임.swift */,
			);
			name = "이분탐색";
			path = "이분탐색";
			sourceTree = "<group>";
		};
		D8BDC4142B045F8800D8F69C = {
			isa = PBXGroup;
			children = (
				D8BDC41F2B045F8800D8F69C /* CodingTest */,
				D8BDC41E2B045F8800D8F69C /* Products */,
			);
			sourceTree = "<group>";
		};
		D8BDC41E2B045F8800D8F69C /* Products */ = {
			isa = PBXGroup;
			children = (
				D8BDC41D2B045F8800D8F69C /* CodingTest.app */,
			);
			name = Products;
			sourceTree = "<group>";
		};
		D8BDC41F2B045F8800D8F69C /* CodingTest */ = {
			isa = PBXGroup;
			children = (
				D8BDC4202B045F8800D8F69C /* CodingTestApp.swift */,
				D8BDC4222B045F8800D8F69C /* ContentView.swift */,
				D8BDC44C2B0461DA00D8F69C /* 해시 */,
				D8BDC4432B04615F00D8F69C /* 스택_큐 */,
				D8BDC4562B04B25800D8F69C /* 힙 */,
				D8BDC42E2B045F9E00D8F69C /* 완전탐색 */,
				D8BDC4512B04624800D8F69C /* 정렬 */,
				D8BDC4392B04608B00D8F69C /* DFS_BFS */,
				D820C3402B074C76009433C0 /* 이분탐색 */,
				D8BDC4242B045F8900D8F69C /* Assets.xcassets */,
				D8BDC4262B045F8900D8F69C /* Preview Content */,
			);
			path = CodingTest;
			sourceTree = "<group>";
		};
		D8BDC4262B045F8900D8F69C /* Preview Content */ = {
			isa = PBXGroup;
			children = (
				D8BDC4272B045F8900D8F69C /* Preview Assets.xcassets */,
			);
			path = "Preview Content";
			sourceTree = "<group>";
		};
		D8BDC42E2B045F9E00D8F69C /* 완전탐색 */ = {
			isa = PBXGroup;
			children = (
				D8BDC42F2B045FDA00D8F69C /* 최소직사각형.swift */,
				D8BDC4312B04600C00D8F69C /* 모의고사.swift */,
				D8BDC4332B04602B00D8F69C /* 소수찾기.swift */,
				D8BDC4352B04604900D8F69C /* 카펫.swift */,
				D8BDC4372B04606800D8F69C /* 전력망을둘로나누기.swift */,
				D8BDC45D2B05E6E100D8F69C /* 피로도.swift */,
				D8BDC45F2B05F80900D8F69C /* 모음사전.swift */,
			);
			name = "완전탐색";
			path = "완전탐색";
			sourceTree = "<group>";
		};
		D8BDC4392B04608B00D8F69C /* DFS_BFS */ = {
			isa = PBXGroup;
			children = (
				D820C33E2B072154009433C0 /* 가장먼노드.swift */,
				D8BDC43A2B0460A400D8F69C /* 타겟넘버.swift */,
				D8BDC43C2B0460F200D8F69C /* 네트워크.swift */,
				D8BDC43E2B04612600D8F69C /* 단어변환.swift */,
				D8BDC4412B04614200D8F69C /* 여행경로.swift */,
			);
			path = DFS_BFS;
			sourceTree = "<group>";
		};
		D8BDC4432B04615F00D8F69C /* 스택_큐 */ = {
			isa = PBXGroup;
			children = (
				D8BDC4442B04617400D8F69C /* 올바른괄호.swift */,
				D8BDC4462B04619600D8F69C /* 기능개발.swift */,
				D8BDC4482B0461A900D8F69C /* 프로세스.swift */,
				D8BDC44A2B0461C700D8F69C /* 다리를지나는트럭.swift */,
			);
			name = "스택_큐";
			path = "스택_큐";
			sourceTree = "<group>";
		};
		D8BDC44C2B0461DA00D8F69C /* 해시 */ = {
			isa = PBXGroup;
			children = (
				D8BDC44D2B0461EE00D8F69C /* 의상.swift */,
				D8BDC44F2B04620600D8F69C /* 베스트앨범.swift */,
			);
			name = "해시";
			path = "해시";
			sourceTree = "<group>";
		};
		D8BDC4512B04624800D8F69C /* 정렬 */ = {
			isa = PBXGroup;
			children = (
				D8BDC4522B04625400D8F69C /* K번째수.swift */,
				D8BDC4542B04625B00D8F69C /* 가장큰수.swift */,
				D8BDC45B2B04BEF000D8F69C /* H-Index.swift */,
			);
			name = "정렬";
			path = "정렬";
			sourceTree = "<group>";
		};
		D8BDC4562B04B25800D8F69C /* 힙 */ = {
			isa = PBXGroup;
			children = (
				D8BDC4572B04B26400D8F69C /* 디스크컨트롤러.swift */,
				D8BDC4592B04B60000D8F69C /* 이중우선순위큐.swift */,
			);
			name = "힙";
			path = "힙";
			sourceTree = "<group>";
		};
/* End PBXGroup section */

/* Begin PBXNativeTarget section */
		D8BDC41C2B045F8800D8F69C /* CodingTest */ = {
			isa = PBXNativeTarget;
			buildConfigurationList = D8BDC42B2B045F8900D8F69C /* Build configuration list for PBXNativeTarget "CodingTest" */;
			buildPhases = (
				D8BDC4192B045F8800D8F69C /* Sources */,
				D8BDC41A2B045F8800D8F69C /* Frameworks */,
				D8BDC41B2B045F8800D8F69C /* Resources */,
			);
			buildRules = (
			);
			dependencies = (
			);
			name = CodingTest;
			productName = CodingTest;
			productReference = D8BDC41D2B045F8800D8F69C /* CodingTest.app */;
			productType = "com.apple.product-type.application";
		};
/* End PBXNativeTarget section */

/* Begin PBXProject section */
		D8BDC4152B045F8800D8F69C /* Project object */ = {
			isa = PBXProject;
			attributes = {
				BuildIndependentTargetsInParallel = 1;
				LastSwiftUpdateCheck = 1500;
				LastUpgradeCheck = 1500;
				TargetAttributes = {
					D8BDC41C2B045F8800D8F69C = {
						CreatedOnToolsVersion = 15.0.1;
					};
				};
			};
			buildConfigurationList = D8BDC4182B045F8800D8F69C /* Build configuration list for PBXProject "CodingTest" */;
			compatibilityVersion = "Xcode 14.0";
			developmentRegion = en;
			hasScannedForEncodings = 0;
			knownRegions = (
				en,
				Base,
			);
			mainGroup = D8BDC4142B045F8800D8F69C;
			productRefGroup = D8BDC41E2B045F8800D8F69C /* Products */;
			projectDirPath = "";
			projectRoot = "";
			targets = (
				D8BDC41C2B045F8800D8F69C /* CodingTest */,
			);
		};
/* End PBXProject section */

/* Begin PBXResourcesBuildPhase section */
		D8BDC41B2B045F8800D8F69C /* Resources */ = {
			isa = PBXResourcesBuildPhase;
			buildActionMask = 2147483647;
			files = (
				D8BDC4282B045F8900D8F69C /* Preview Assets.xcassets in Resources */,
				D8BDC4252B045F8900D8F69C /* Assets.xcassets in Resources */,
			);
			runOnlyForDeploymentPostprocessing = 0;
		};
/* End PBXResourcesBuildPhase section */

/* Begin PBXSourcesBuildPhase section */
		D8BDC4192B045F8800D8F69C /* Sources */ = {
			isa = PBXSourcesBuildPhase;
			buildActionMask = 2147483647;
			files = (
				D8BDC44B2B0461C700D8F69C /* 다리를지나는트럭.swift in Sources */,
				D8BDC45A2B04B60000D8F69C /* 이중우선순위큐.swift in Sources */,
				D8BDC4552B04625B00D8F69C /* 가장큰수.swift in Sources */,
				D8BDC45C2B04BEF000D8F69C /* H-Index.swift in Sources */,
				D8BDC4452B04617400D8F69C /* 올바른괄호.swift in Sources */,
				D8BDC4602B05F80900D8F69C /* 모음사전.swift in Sources */,
				D820C33F2B072154009433C0 /* 가장먼노드.swift in Sources */,
				D8BDC4232B045F8800D8F69C /* ContentView.swift in Sources */,
				D8BDC4582B04B26400D8F69C /* 디스크컨트롤러.swift in Sources */,
				D8BDC4532B04625400D8F69C /* K번째수.swift in Sources */,
				D8BDC4382B04606800D8F69C /* 전력망을둘로나누기.swift in Sources */,
				D8BDC4362B04604900D8F69C /* 카펫.swift in Sources */,
				D8BDC4472B04619600D8F69C /* 기능개발.swift in Sources */,
				D8BDC4212B045F8800D8F69C /* CodingTestApp.swift in Sources */,
				D8BDC43D2B0460F200D8F69C /* 네트워크.swift in Sources */,
				D8BDC43F2B04612600D8F69C /* 단어변환.swift in Sources */,
				D8BDC4322B04600C00D8F69C /* 모의고사.swift in Sources */,
				D8BDC4302B045FDA00D8F69C /* 최소직사각형.swift in Sources */,
				D8BDC44E2B0461EE00D8F69C /* 의상.swift in Sources */,
				D8BDC4422B04614200D8F69C /* 여행경로.swift in Sources */,
				D8BDC4502B04620600D8F69C /* 베스트앨범.swift in Sources */,
				D8BDC45E2B05E6E100D8F69C /* 피로도.swift in Sources */,
				D820C3422B074C8D009433C0 /* 숫자게임.swift in Sources */,
				D8BDC43B2B0460A400D8F69C /* 타겟넘버.swift in Sources */,
				D8BDC4492B0461A900D8F69C /* 프로세스.swift in Sources */,
				D8BDC4342B04602B00D8F69C /* 소수찾기.swift in Sources */,
			);
			runOnlyForDeploymentPostprocessing = 0;
		};
/* End PBXSourcesBuildPhase section */

/* Begin XCBuildConfiguration section */
		D8BDC4292B045F8900D8F69C /* Debug */ = {
			isa = XCBuildConfiguration;
			buildSettings = {
				ALWAYS_SEARCH_USER_PATHS = NO;
				ASSETCATALOG_COMPILER_GENERATE_SWIFT_ASSET_SYMBOL_EXTENSIONS = YES;
				CLANG_ANALYZER_NONNULL = YES;
				CLANG_ANALYZER_NUMBER_OBJECT_CONVERSION = YES_AGGRESSIVE;
				CLANG_CXX_LANGUAGE_STANDARD = "gnu++20";
				CLANG_ENABLE_MODULES = YES;
				CLANG_ENABLE_OBJC_ARC = YES;
				CLANG_ENABLE_OBJC_WEAK = YES;
				CLANG_WARN_BLOCK_CAPTURE_AUTORELEASING = YES;
				CLANG_WARN_BOOL_CONVERSION = YES;
				CLANG_WARN_COMMA = YES;
				CLANG_WARN_CONSTANT_CONVERSION = YES;
				CLANG_WARN_DEPRECATED_OBJC_IMPLEMENTATIONS = YES;
				CLANG_WARN_DIRECT_OBJC_ISA_USAGE = YES_ERROR;
				CLANG_WARN_DOCUMENTATION_COMMENTS = YES;
				CLANG_WARN_EMPTY_BODY = YES;
				CLANG_WARN_ENUM_CONVERSION = YES;
				CLANG_WARN_INFINITE_RECURSION = YES;
				CLANG_WARN_INT_CONVERSION = YES;
				CLANG_WARN_NON_LITERAL_NULL_CONVERSION = YES;
				CLANG_WARN_OBJC_IMPLICIT_RETAIN_SELF = YES;
				CLANG_WARN_OBJC_LITERAL_CONVERSION = YES;
				CLANG_WARN_OBJC_ROOT_CLASS = YES_ERROR;
				CLANG_WARN_QUOTED_INCLUDE_IN_FRAMEWORK_HEADER = YES;
				CLANG_WARN_RANGE_LOOP_ANALYSIS = YES;
				CLANG_WARN_STRICT_PROTOTYPES = YES;
				CLANG_WARN_SUSPICIOUS_MOVE = YES;
				CLANG_WARN_UNGUARDED_AVAILABILITY = YES_AGGRESSIVE;
				CLANG_WARN_UNREACHABLE_CODE = YES;
				CLANG_WARN__DUPLICATE_METHOD_MATCH = YES;
				COPY_PHASE_STRIP = NO;
				DEBUG_INFORMATION_FORMAT = dwarf;
				ENABLE_STRICT_OBJC_MSGSEND = YES;
				ENABLE_TESTABILITY = YES;
				ENABLE_USER_SCRIPT_SANDBOXING = YES;
				GCC_C_LANGUAGE_STANDARD = gnu17;
				GCC_DYNAMIC_NO_PIC = NO;
				GCC_NO_COMMON_BLOCKS = YES;
				GCC_OPTIMIZATION_LEVEL = 0;
				GCC_PREPROCESSOR_DEFINITIONS = (
					"DEBUG=1",
					"$(inherited)",
				);
				GCC_WARN_64_TO_32_BIT_CONVERSION = YES;
				GCC_WARN_ABOUT_RETURN_TYPE = YES_ERROR;
				GCC_WARN_UNDECLARED_SELECTOR = YES;
				GCC_WARN_UNINITIALIZED_AUTOS = YES_AGGRESSIVE;
				GCC_WARN_UNUSED_FUNCTION = YES;
				GCC_WARN_UNUSED_VARIABLE = YES;
				IPHONEOS_DEPLOYMENT_TARGET = 17.0;
				LOCALIZATION_PREFERS_STRING_CATALOGS = YES;
				MTL_ENABLE_DEBUG_INFO = INCLUDE_SOURCE;
				MTL_FAST_MATH = YES;
				ONLY_ACTIVE_ARCH = YES;
				SDKROOT = iphoneos;
				SWIFT_ACTIVE_COMPILATION_CONDITIONS = "DEBUG $(inherited)";
				SWIFT_OPTIMIZATION_LEVEL = "-Onone";
			};
			name = Debug;
		};
		D8BDC42A2B045F8900D8F69C /* Release */ = {
			isa = XCBuildConfiguration;
			buildSettings = {
				ALWAYS_SEARCH_USER_PATHS = NO;
				ASSETCATALOG_COMPILER_GENERATE_SWIFT_ASSET_SYMBOL_EXTENSIONS = YES;
				CLANG_ANALYZER_NONNULL = YES;
				CLANG_ANALYZER_NUMBER_OBJECT_CONVERSION = YES_AGGRESSIVE;
				CLANG_CXX_LANGUAGE_STANDARD = "gnu++20";
				CLANG_ENABLE_MODULES = YES;
				CLANG_ENABLE_OBJC_ARC = YES;
				CLANG_ENABLE_OBJC_WEAK = YES;
				CLANG_WARN_BLOCK_CAPTURE_AUTORELEASING = YES;
				CLANG_WARN_BOOL_CONVERSION = YES;
				CLANG_WARN_COMMA = YES;
				CLANG_WARN_CONSTANT_CONVERSION = YES;
				CLANG_WARN_DEPRECATED_OBJC_IMPLEMENTATIONS = YES;
				CLANG_WARN_DIRECT_OBJC_ISA_USAGE = YES_ERROR;
				CLANG_WARN_DOCUMENTATION_COMMENTS = YES;
				CLANG_WARN_EMPTY_BODY = YES;
				CLANG_WARN_ENUM_CONVERSION = YES;
				CLANG_WARN_INFINITE_RECURSION = YES;
				CLANG_WARN_INT_CONVERSION = YES;
				CLANG_WARN_NON_LITERAL_NULL_CONVERSION = YES;
				CLANG_WARN_OBJC_IMPLICIT_RETAIN_SELF = YES;
				CLANG_WARN_OBJC_LITERAL_CONVERSION = YES;
				CLANG_WARN_OBJC_ROOT_CLASS = YES_ERROR;
				CLANG_WARN_QUOTED_INCLUDE_IN_FRAMEWORK_HEADER = YES;
				CLANG_WARN_RANGE_LOOP_ANALYSIS = YES;
				CLANG_WARN_STRICT_PROTOTYPES = YES;
				CLANG_WARN_SUSPICIOUS_MOVE = YES;
				CLANG_WARN_UNGUARDED_AVAILABILITY = YES_AGGRESSIVE;
				CLANG_WARN_UNREACHABLE_CODE = YES;
				CLANG_WARN__DUPLICATE_METHOD_MATCH = YES;
				COPY_PHASE_STRIP = NO;
				DEBUG_INFORMATION_FORMAT = "dwarf-with-dsym";
				ENABLE_NS_ASSERTIONS = NO;
				ENABLE_STRICT_OBJC_MSGSEND = YES;
				ENABLE_USER_SCRIPT_SANDBOXING = YES;
				GCC_C_LANGUAGE_STANDARD = gnu17;
				GCC_NO_COMMON_BLOCKS = YES;
				GCC_WARN_64_TO_32_BIT_CONVERSION = YES;
				GCC_WARN_ABOUT_RETURN_TYPE = YES_ERROR;
				GCC_WARN_UNDECLARED_SELECTOR = YES;
				GCC_WARN_UNINITIALIZED_AUTOS = YES_AGGRESSIVE;
				GCC_WARN_UNUSED_FUNCTION = YES;
				GCC_WARN_UNUSED_VARIABLE = YES;
				IPHONEOS_DEPLOYMENT_TARGET = 17.0;
				LOCALIZATION_PREFERS_STRING_CATALOGS = YES;
				MTL_ENABLE_DEBUG_INFO = NO;
				MTL_FAST_MATH = YES;
				SDKROOT = iphoneos;
				SWIFT_COMPILATION_MODE = wholemodule;
				VALIDATE_PRODUCT = YES;
			};
			name = Release;
		};
		D8BDC42C2B045F8900D8F69C /* Debug */ = {
			isa = XCBuildConfiguration;
			buildSettings = {
				ASSETCATALOG_COMPILER_APPICON_NAME = AppIcon;
				ASSETCATALOG_COMPILER_GLOBAL_ACCENT_COLOR_NAME = AccentColor;
				CODE_SIGN_STYLE = Automatic;
				CURRENT_PROJECT_VERSION = 1;
				DEVELOPMENT_ASSET_PATHS = "\"CodingTest/Preview Content\"";
				DEVELOPMENT_TEAM = Q9UQ8U75N8;
				ENABLE_PREVIEWS = YES;
				GENERATE_INFOPLIST_FILE = YES;
				INFOPLIST_KEY_UIApplicationSceneManifest_Generation = YES;
				INFOPLIST_KEY_UIApplicationSupportsIndirectInputEvents = YES;
				INFOPLIST_KEY_UILaunchScreen_Generation = YES;
				INFOPLIST_KEY_UISupportedInterfaceOrientations_iPad = "UIInterfaceOrientationPortrait UIInterfaceOrientationPortraitUpsideDown UIInterfaceOrientationLandscapeLeft UIInterfaceOrientationLandscapeRight";
				INFOPLIST_KEY_UISupportedInterfaceOrientations_iPhone = "UIInterfaceOrientationPortrait UIInterfaceOrientationLandscapeLeft UIInterfaceOrientationLandscapeRight";
				LD_RUNPATH_SEARCH_PATHS = (
					"$(inherited)",
					"@executable_path/Frameworks",
				);
				MARKETING_VERSION = 1.0;
				PRODUCT_BUNDLE_IDENTIFIER = dodor.CodingTest;
				PRODUCT_NAME = "$(TARGET_NAME)";
				SWIFT_EMIT_LOC_STRINGS = YES;
				SWIFT_VERSION = 5.0;
				TARGETED_DEVICE_FAMILY = "1,2";
			};
			name = Debug;
		};
		D8BDC42D2B045F8900D8F69C /* Release */ = {
			isa = XCBuildConfiguration;
			buildSettings = {
				ASSETCATALOG_COMPILER_APPICON_NAME = AppIcon;
				ASSETCATALOG_COMPILER_GLOBAL_ACCENT_COLOR_NAME = AccentColor;
				CODE_SIGN_STYLE = Automatic;
				CURRENT_PROJECT_VERSION = 1;
				DEVELOPMENT_ASSET_PATHS = "\"CodingTest/Preview Content\"";
				DEVELOPMENT_TEAM = Q9UQ8U75N8;
				ENABLE_PREVIEWS = YES;
				GENERATE_INFOPLIST_FILE = YES;
				INFOPLIST_KEY_UIApplicationSceneManifest_Generation = YES;
				INFOPLIST_KEY_UIApplicationSupportsIndirectInputEvents = YES;
				INFOPLIST_KEY_UILaunchScreen_Generation = YES;
				INFOPLIST_KEY_UISupportedInterfaceOrientations_iPad = "UIInterfaceOrientationPortrait UIInterfaceOrientationPortraitUpsideDown UIInterfaceOrientationLandscapeLeft UIInterfaceOrientationLandscapeRight";
				INFOPLIST_KEY_UISupportedInterfaceOrientations_iPhone = "UIInterfaceOrientationPortrait UIInterfaceOrientationLandscapeLeft UIInterfaceOrientationLandscapeRight";
				LD_RUNPATH_SEARCH_PATHS = (
					"$(inherited)",
					"@executable_path/Frameworks",
				);
				MARKETING_VERSION = 1.0;
				PRODUCT_BUNDLE_IDENTIFIER = dodor.CodingTest;
				PRODUCT_NAME = "$(TARGET_NAME)";
				SWIFT_EMIT_LOC_STRINGS = YES;
				SWIFT_VERSION = 5.0;
				TARGETED_DEVICE_FAMILY = "1,2";
			};
			name = Release;
		};
/* End XCBuildConfiguration section */

/* Begin XCConfigurationList section */
		D8BDC4182B045F8800D8F69C /* Build configuration list for PBXProject "CodingTest" */ = {
			isa = XCConfigurationList;
			buildConfigurations = (
				D8BDC4292B045F8900D8F69C /* Debug */,
				D8BDC42A2B045F8900D8F69C /* Release */,
			);
			defaultConfigurationIsVisible = 0;
			defaultConfigurationName = Release;
		};
		D8BDC42B2B045F8900D8F69C /* Build configuration list for PBXNativeTarget "CodingTest" */ = {
			isa = XCConfigurationList;
			buildConfigurations = (
				D8BDC42C2B045F8900D8F69C /* Debug */,
				D8BDC42D2B045F8900D8F69C /* Release */,
			);
			defaultConfigurationIsVisible = 0;
			defaultConfigurationName = Release;
		};
/* End XCConfigurationList section */
	};
	rootObject = D8BDC4152B045F8800D8F69C /* Project object */;
}
